
Microsoft Visual Studio Solution File, Format Version 12.00
# Visual Studio Version 16
VisualStudioVersion = 16.0.30907.101
MinimumVisualStudioVersion = 10.0.40219.1
Project("{9A19103F-16F7-4668-BE54-9A1E7A4F7556}") = "DataAccess", "DataAccess\DataAccess.csproj", "{0B640D03-4896-49C6-A263-25C40AA1FD4E}"
EndProject
Project("{9A19103F-16F7-4668-BE54-9A1E7A4F7556}") = "Business", "Business\Business.csproj", "{4BE5A8C1-E220-4D54-A6AD-D59362B2CCF2}"
EndProject
Project("{9A19103F-16F7-4668-BE54-9A1E7A4F7556}") = "Entities", "Entities\Entities.csproj", "{44C34C20-BEE3-445E-9781-8851DA19716B}"
EndProject
Project("{9A19103F-16F7-4668-BE54-9A1E7A4F7556}") = "ConsoleUI", "ConsoleUI\ConsoleUI.csproj", "{EEFCE70B-66EA-43BD-87D7-DDCE9B8DCCA1}"
EndProject
Project("{FAE04EC0-301F-11D3-BF4B-00C04F79EFBC}") = "Core", "Core\Core.csproj", "{9F59A4EA-51BD-4ABC-AB37-D5C3BAD0ACA2}"
EndProject
Global
	GlobalSection(SolutionConfigurationPlatforms) = preSolution
		Debug|Any CPU = Debug|Any CPU
		Release|Any CPU = Release|Any CPU
	EndGlobalSection
	GlobalSection(ProjectConfigurationPlatforms) = postSolution
		{0B640D03-4896-49C6-A263-25C40AA1FD4E}.Debug|Any CPU.ActiveCfg = Debug|Any CPU
		{0B640D03-4896-49C6-A263-25C40AA1FD4E}.Debug|Any CPU.Build.0 = Debug|Any CPU
		{0B640D03-4896-49C6-A263-25C40AA1FD4E}.Release|Any CPU.ActiveCfg = Release|Any CPU
		{0B640D03-4896-49C6-A263-25C40AA1FD4E}.Release|Any CPU.Build.0 = Release|Any CPU
		{4BE5A8C1-E220-4D54-A6AD-D59362B2CCF2}.Debug|Any CPU.ActiveCfg = Debug|Any CPU
		{4BE5A8C1-E220-4D54-A6AD-D59362B2CCF2}.Debug|Any CPU.Build.0 = Debug|Any CPU
		{4BE5A8C1-E220-4D54-A6AD-D59362B2CCF2}.Release|Any CPU.ActiveCfg = Release|Any CPU
		{4BE5A8C1-E220-4D54-A6AD-D59362B2CCF2}.Release|Any CPU.Build.0 = Release|Any CPU
		{44C34C20-BEE3-445E-9781-8851DA19716B}.Debug|Any CPU.ActiveCfg = Debug|Any CPU
		{44C34C20-BEE3-445E-9781-8851DA19716B}.Debug|Any CPU.Build.0 = Debug|Any CPU
		{44C34C20-BEE3-445E-9781-8851DA19716B}.Release|Any CPU.ActiveCfg = Release|Any CPU
		{44C34C20-BEE3-445E-9781-8851DA19716B}.Release|Any CPU.Build.0 = Release|Any CPU
		{EEFCE70B-66EA-43BD-87D7-DDCE9B8DCCA1}.Debug|Any CPU.ActiveCfg = Debug|Any CPU
		{EEFCE70B-66EA-43BD-87D7-DDCE9B8DCCA1}.Debug|Any CPU.Build.0 = Debug|Any CPU
		{EEFCE70B-66EA-43BD-87D7-DDCE9B8DCCA1}.Release|Any CPU.ActiveCfg = Release|Any CPU
		{EEFCE70B-66EA-43BD-87D7-DDCE9B8DCCA1}.Release|Any CPU.Build.0 = Release|Any CPU
		{9F59A4EA-51BD-4ABC-AB37-D5C3BAD0ACA2}.Debug|Any CPU.ActiveCfg = Debug|Any CPU
		{9F59A4EA-51BD-4ABC-AB37-D5C3BAD0ACA2}.Debug|Any CPU.Build.0 = Debug|Any CPU
		{9F59A4EA-51BD-4ABC-AB37-D5C3BAD0ACA2}.Release|Any CPU.ActiveCfg = Release|Any CPU
		{9F59A4EA-51BD-4ABC-AB37-D5C3BAD0ACA2}.Release|Any CPU.Build.0 = Release|Any CPU
	EndGlobalSection
	GlobalSection(SolutionProperties) = preSolution
		HideSolutionNode = FALSE
	EndGlobalSection
	GlobalSection(ExtensibilityGlobals) = postSolution
		SolutionGuid = {3D80BAE4-82F2-44FA-B03E-EAC78AF7408E}
	EndGlobalSection
EndGlobal
